Microsoft Visual Studio Solution File, Format Version 12.00
# Visual Studio Version 17
VisualStudioVersion = 17.5.2.0
MinimumVisualStudioVersion = 10.0.40219.1
Project("{FAE04EC0-301F-11D3-BF4B-00C04F79EFBC}") = "FoodPantry", "FoodPantry\FoodPantry.csproj", "{09B5BE05-AAE6-494F-EDAB-DF90B6B2C735}"
EndProject
Global
	GlobalSection(SolutionConfigurationPlatforms) = preSolution
		Debug|Any CPU = Debug|Any CPU
		Release|Any CPU = Release|Any CPU
	EndGlobalSection
	GlobalSection(ProjectConfigurationPlatforms) = postSolution
		{09B5BE05-AAE6-494F-EDAB-DF90B6B2C735}.Debug|Any CPU.ActiveCfg = Debug|Any CPU
		{09B5BE05-AAE6-494F-EDAB-DF90B6B2C735}.Debug|Any CPU.Build.0 = Debug|Any CPU
		{09B5BE05-AAE6-494F-EDAB-DF90B6B2C735}.Release|Any CPU.ActiveCfg = Release|Any CPU
		{09B5BE05-AAE6-494F-EDAB-DF90B6B2C735}.Release|Any CPU.Build.0 = Release|Any CPU
	EndGlobalSection
	GlobalSection(SolutionProperties) = preSolution
		HideSolutionNode = FALSE
	EndGlobalSection
	GlobalSection(ExtensibilityGlobals) = postSolution
		SolutionGuid = {E42C8766-265F-4099-A58F-528EDC747ED4}
	EndGlobalSection
EndGlobal
